
Microsoft Visual Studio Solution File, Format Version 12.00
# Visual Studio 15
VisualStudioVersion = 15.0.28307.329
MinimumVisualStudioVersion = 10.0.40219.1
Project("{FAE04EC0-301F-11D3-BF4B-00C04F79EFBC}") = "MY_WINDOWS_FORMS_APPLICATION", "MY_WINDOWS_FORMS_APPLICATION\MY_WINDOWS_FORMS_APPLICATION.csproj", "{665EFDDD-6B9E-4A65-A9C3-88132E3019BA}"
EndProject
Project("{FAE04EC0-301F-11D3-BF4B-00C04F79EFBC}") = "Dtx", "Dtx\Dtx.csproj", "{9C758DA6-D143-4502-B7D3-664AFB7CE896}"
EndProject
Global
	GlobalSection(SolutionConfigurationPlatforms) = preSolution
		Debug|Any CPU = Debug|Any CPU
		Release|Any CPU = Release|Any CPU
	EndGlobalSection
	GlobalSection(ProjectConfigurationPlatforms) = postSolution
		{665EFDDD-6B9E-4A65-A9C3-88132E3019BA}.Debug|Any CPU.ActiveCfg = Debug|Any CPU
		{665EFDDD-6B9E-4A65-A9C3-88132E3019BA}.Debug|Any CPU.Build.0 = Debug|Any CPU
		{665EFDDD-6B9E-4A65-A9C3-88132E3019BA}.Release|Any CPU.ActiveCfg = Release|Any CPU
		{665EFDDD-6B9E-4A65-A9C3-88132E3019BA}.Release|Any CPU.Build.0 = Release|Any CPU
		{9C758DA6-D143-4502-B7D3-664AFB7CE896}.Debug|Any CPU.ActiveCfg = Debug|Any CPU
		{9C758DA6-D143-4502-B7D3-664AFB7CE896}.Debug|Any CPU.Build.0 = Debug|Any CPU
		{9C758DA6-D143-4502-B7D3-664AFB7CE896}.Release|Any CPU.ActiveCfg = Release|Any CPU
		{9C758DA6-D143-4502-B7D3-664AFB7CE896}.Release|Any CPU.Build.0 = Release|Any CPU
	EndGlobalSection
	GlobalSection(SolutionProperties) = preSolution
		HideSolutionNode = FALSE
	EndGlobalSection
	GlobalSection(ExtensibilityGlobals) = postSolution
		SolutionGuid = {D7890F2A-57DE-48C4-BEC0-56BAE15E5EC5}
	EndGlobalSection
EndGlobal
